NeoBundleLock colorizer 54504c53cb665c17ad89311e15649dc4651cb725
NeoBundleLock neobundle.vim 033911a11c55d0eb0b36edc60854e27436311a55
NeoBundleLock nerdtree 3b98a7fcae8f9fff356907171f0406ff8cd28921
NeoBundleLock titanium-vim 8c6a9be990e2a2ce5638d51e7bd813f888495a06
NeoBundleLock unite.vim e0f3695a167c5b547cd7fb3de052be7f95a65ef0
NeoBundleLock vim-gitgutter e098491906c4e6d8a2a4d10ab60b91570eb81113
NeoBundleLock vim-indent-guides 4895e860258cd24c975255ef459af4b956107557
NeoBundleLock vim-powerline 09c0cea859a2e0989eea740655b35976d951a84e
NeoBundleLock vim-quickrun fb67345728d03cf58d6164ceb30c3e443a3ad44a
